
Microsoft Visual Studio Solution File, Format Version 12.00
# Visual Studio Version 16
VisualStudioVersion = 16.0.30225.117
MinimumVisualStudioVersion = 10.0.40219.1
Project("{FAE04EC0-301F-11D3-BF4B-00C04F79EFBC}") = "WebControlsAssign", "WebControlsAssign\WebControlsAssign.csproj", "{3163979B-7D58-46DE-8110-0BF9013E3301}"
EndProject
Global
	GlobalSection(SolutionConfigurationPlatforms) = preSolution
		Debug|Any CPU = Debug|Any CPU
		Release|Any CPU = Release|Any CPU
	EndGlobalSection
	GlobalSection(ProjectConfigurationPlatforms) = postSolution
		{3163979B-7D58-46DE-8110-0BF9013E3301}.Debug|Any CPU.ActiveCfg = Debug|Any CPU
		{3163979B-7D58-46DE-8110-0BF9013E3301}.Debug|Any CPU.Build.0 = Debug|Any CPU
		{3163979B-7D58-46DE-8110-0BF9013E3301}.Release|Any CPU.ActiveCfg = Release|Any CPU
		{3163979B-7D58-46DE-8110-0BF9013E3301}.Release|Any CPU.Build.0 = Release|Any CPU
	EndGlobalSection
	GlobalSection(SolutionProperties) = preSolution
		HideSolutionNode = FALSE
	EndGlobalSection
	GlobalSection(ExtensibilityGlobals) = postSolution
		SolutionGuid = {C7C2069F-4458-4B90-99B0-79AA1794C3E1}
	EndGlobalSection
EndGlobal
